
Microsoft Visual Studio Solution File, Format Version 12.00
Project("{FAE04EC0-301F-11D3-BF4B-00C04F79EFBC}") = "UniversitiesMonitoring.Data", "UniversitiesMonitoring.Data\UniversitiesMonitoring.Data.csproj", "{1F9AE993-461A-4FDB-B724-A097710B2EEC}"
EndProject
Project("{FAE04EC0-301F-11D3-BF4B-00C04F79EFBC}") = "UniversitiesMonitoring.MonitoringService", "UniversitiesMonitoring.MonitoringService\UniversitiesMonitoring.MonitoringService.csproj", "{E0A64DAA-2663-4BF1-92BA-9BA331D73E88}"
EndProject
Project("{FAE04EC0-301F-11D3-BF4B-00C04F79EFBC}") = "UniversitiesMonitoring.NotifyService", "UniversitiesMonitoring.NotifyService\UniversitiesMonitoring.NotifyService.csproj", "{EB1C018E-3606-4A2E-A2A7-94EB0F291AC6}"
EndProject
Project("{FAE04EC0-301F-11D3-BF4B-00C04F79EFBC}") = "UniversitiesMonitoring.Api", "UniversitiesMonitoring.Api\UniversitiesMonitoring.Api.csproj", "{67E6A4ED-94CF-466E-AD58-EB7C0A1FA056}"
EndProject
Global
	GlobalSection(SolutionConfigurationPlatforms) = preSolution
		Debug|Any CPU = Debug|Any CPU
		Release|Any CPU = Release|Any CPU
	EndGlobalSection
	GlobalSection(ProjectConfigurationPlatforms) = postSolution
		{1F9AE993-461A-4FDB-B724-A097710B2EEC}.Debug|Any CPU.ActiveCfg = Debug|Any CPU
		{1F9AE993-461A-4FDB-B724-A097710B2EEC}.Debug|Any CPU.Build.0 = Debug|Any CPU
		{1F9AE993-461A-4FDB-B724-A097710B2EEC}.Release|Any CPU.ActiveCfg = Release|Any CPU
		{1F9AE993-461A-4FDB-B724-A097710B2EEC}.Release|Any CPU.Build.0 = Release|Any CPU
		{E0A64DAA-2663-4BF1-92BA-9BA331D73E88}.Debug|Any CPU.ActiveCfg = Debug|Any CPU
		{E0A64DAA-2663-4BF1-92BA-9BA331D73E88}.Debug|Any CPU.Build.0 = Debug|Any CPU
		{E0A64DAA-2663-4BF1-92BA-9BA331D73E88}.Release|Any CPU.ActiveCfg = Release|Any CPU
		{E0A64DAA-2663-4BF1-92BA-9BA331D73E88}.Release|Any CPU.Build.0 = Release|Any CPU
		{EB1C018E-3606-4A2E-A2A7-94EB0F291AC6}.Debug|Any CPU.ActiveCfg = Debug|Any CPU
		{EB1C018E-3606-4A2E-A2A7-94EB0F291AC6}.Debug|Any CPU.Build.0 = Debug|Any CPU
		{EB1C018E-3606-4A2E-A2A7-94EB0F291AC6}.Release|Any CPU.ActiveCfg = Release|Any CPU
		{EB1C018E-3606-4A2E-A2A7-94EB0F291AC6}.Release|Any CPU.Build.0 = Release|Any CPU
		{67E6A4ED-94CF-466E-AD58-EB7C0A1FA056}.Debug|Any CPU.ActiveCfg = Debug|Any CPU
		{67E6A4ED-94CF-466E-AD58-EB7C0A1FA056}.Debug|Any CPU.Build.0 = Debug|Any CPU
		{67E6A4ED-94CF-466E-AD58-EB7C0A1FA056}.Release|Any CPU.ActiveCfg = Release|Any CPU
		{67E6A4ED-94CF-466E-AD58-EB7C0A1FA056}.Release|Any CPU.Build.0 = Release|Any CPU
	EndGlobalSection
EndGlobal
