
Microsoft Visual Studio Solution File, Format Version 12.00
# Visual Studio Version 16
VisualStudioVersion = 16.0.31605.320
MinimumVisualStudioVersion = 10.0.40219.1
Project("{FAE04EC0-301F-11D3-BF4B-00C04F79EFBC}") = "UniversitiesMonitoring.MonitoringService", "UniversitiesMonitoring.MonitoringService\UniversitiesMonitoring.MonitoringService.csproj", "{E0A64DAA-2663-4BF1-92BA-9BA331D73E88}"
EndProject
Project("{FAE04EC0-301F-11D3-BF4B-00C04F79EFBC}") = "UniversitiesMonitoring.NotifyService", "UniversitiesMonitoring.NotifyService\UniversitiesMonitoring.NotifyService.csproj", "{EB1C018E-3606-4A2E-A2A7-94EB0F291AC6}"
EndProject
Project("{FAE04EC0-301F-11D3-BF4B-00C04F79EFBC}") = "UniversitiesMonitoring.Api", "UniversitiesMonitoring.Api\UniversitiesMonitoring.Api.csproj", "{67E6A4ED-94CF-466E-AD58-EB7C0A1FA056}"
EndProject
Project("{FAE04EC0-301F-11D3-BF4B-00C04F79EFBC}") = "UniversitiesMonitoring.Data", "UniversitiesMonitoring.Data\UniversitiesMonitoring.Data.csproj", "{C4B32207-27CC-4950-8CFE-BAE1387606DC}"
EndProject
Project("{FAE04EC0-301F-11D3-BF4B-00C04F79EFBC}") = "UniversitiesMonitoring.Api.Tests", "UniversitiesMonitoring.Api.Tests\UniversitiesMonitoring.Api.Tests.csproj", "{F3545A41-DBBC-439F-A525-DE2F28F15A69}"
EndProject
Project("{FAE04EC0-301F-11D3-BF4B-00C04F79EFBC}") = "UniversitiesMonitoring.Module", "UniversitiesMonitoring.Module\UniversitiesMonitoring.Module.csproj", "{215F85E8-3F65-4607-9CD4-F32399EFB65F}"
EndProject
Global
	GlobalSection(SolutionConfigurationPlatforms) = preSolution
		Debug|Any CPU = Debug|Any CPU
		Release|Any CPU = Release|Any CPU
	EndGlobalSection
	GlobalSection(ProjectConfigurationPlatforms) = postSolution
		{E0A64DAA-2663-4BF1-92BA-9BA331D73E88}.Debug|Any CPU.ActiveCfg = Debug|Any CPU
		{E0A64DAA-2663-4BF1-92BA-9BA331D73E88}.Debug|Any CPU.Build.0 = Debug|Any CPU
		{E0A64DAA-2663-4BF1-92BA-9BA331D73E88}.Release|Any CPU.ActiveCfg = Release|Any CPU
		{E0A64DAA-2663-4BF1-92BA-9BA331D73E88}.Release|Any CPU.Build.0 = Release|Any CPU
		{EB1C018E-3606-4A2E-A2A7-94EB0F291AC6}.Debug|Any CPU.ActiveCfg = Debug|Any CPU
		{EB1C018E-3606-4A2E-A2A7-94EB0F291AC6}.Debug|Any CPU.Build.0 = Debug|Any CPU
		{EB1C018E-3606-4A2E-A2A7-94EB0F291AC6}.Release|Any CPU.ActiveCfg = Release|Any CPU
		{EB1C018E-3606-4A2E-A2A7-94EB0F291AC6}.Release|Any CPU.Build.0 = Release|Any CPU
		{67E6A4ED-94CF-466E-AD58-EB7C0A1FA056}.Debug|Any CPU.ActiveCfg = Debug|Any CPU
		{67E6A4ED-94CF-466E-AD58-EB7C0A1FA056}.Debug|Any CPU.Build.0 = Debug|Any CPU
		{67E6A4ED-94CF-466E-AD58-EB7C0A1FA056}.Release|Any CPU.ActiveCfg = Release|Any CPU
		{67E6A4ED-94CF-466E-AD58-EB7C0A1FA056}.Release|Any CPU.Build.0 = Release|Any CPU
		{C4B32207-27CC-4950-8CFE-BAE1387606DC}.Debug|Any CPU.ActiveCfg = Debug|Any CPU
		{C4B32207-27CC-4950-8CFE-BAE1387606DC}.Debug|Any CPU.Build.0 = Debug|Any CPU
		{C4B32207-27CC-4950-8CFE-BAE1387606DC}.Release|Any CPU.ActiveCfg = Release|Any CPU
		{C4B32207-27CC-4950-8CFE-BAE1387606DC}.Release|Any CPU.Build.0 = Release|Any CPU
		{F3545A41-DBBC-439F-A525-DE2F28F15A69}.Debug|Any CPU.ActiveCfg = Debug|Any CPU
		{F3545A41-DBBC-439F-A525-DE2F28F15A69}.Debug|Any CPU.Build.0 = Debug|Any CPU
		{F3545A41-DBBC-439F-A525-DE2F28F15A69}.Release|Any CPU.ActiveCfg = Release|Any CPU
		{F3545A41-DBBC-439F-A525-DE2F28F15A69}.Release|Any CPU.Build.0 = Release|Any CPU
		{215F85E8-3F65-4607-9CD4-F32399EFB65F}.Debug|Any CPU.ActiveCfg = Debug|Any CPU
		{215F85E8-3F65-4607-9CD4-F32399EFB65F}.Debug|Any CPU.Build.0 = Debug|Any CPU
		{215F85E8-3F65-4607-9CD4-F32399EFB65F}.Release|Any CPU.ActiveCfg = Release|Any CPU
		{215F85E8-3F65-4607-9CD4-F32399EFB65F}.Release|Any CPU.Build.0 = Release|Any CPU
	EndGlobalSection
	GlobalSection(SolutionProperties) = preSolution
		HideSolutionNode = FALSE
	EndGlobalSection
	GlobalSection(ExtensibilityGlobals) = postSolution
		SolutionGuid = {ABEB1B70-DA43-40A4-83B9-663BB2A6C0DC}
	EndGlobalSection
EndGlobal
